
Microsoft Visual Studio Solution File, Format Version 12.00
# Visual Studio 15
VisualStudioVersion = 15.0.28307.421
MinimumVisualStudioVersion = 10.0.40219.1
Project("{FAE04EC0-301F-11D3-BF4B-00C04F79EFBC}") = "EntityBuilder.Console", "EntityBuilderConsole\EntityBuilder.Console.csproj", "{37B852A1-233C-4CFF-B3BD-F1E28DAC201D}"
EndProject
Project("{FAE04EC0-301F-11D3-BF4B-00C04F79EFBC}") = "Service", "Service\Service.csproj", "{279048C8-39B9-49F1-84E1-E1E4E2D7EDE4}"
EndProject
Global
	GlobalSection(SolutionConfigurationPlatforms) = preSolution
		Debug|Any CPU = Debug|Any CPU
		Release|Any CPU = Release|Any CPU
	EndGlobalSection
	GlobalSection(ProjectConfigurationPlatforms) = postSolution
		{37B852A1-233C-4CFF-B3BD-F1E28DAC201D}.Debug|Any CPU.ActiveCfg = Debug|Any CPU
		{37B852A1-233C-4CFF-B3BD-F1E28DAC201D}.Debug|Any CPU.Build.0 = Debug|Any CPU
		{37B852A1-233C-4CFF-B3BD-F1E28DAC201D}.Release|Any CPU.ActiveCfg = Release|Any CPU
		{37B852A1-233C-4CFF-B3BD-F1E28DAC201D}.Release|Any CPU.Build.0 = Release|Any CPU
		{279048C8-39B9-49F1-84E1-E1E4E2D7EDE4}.Debug|Any CPU.ActiveCfg = Debug|Any CPU
		{279048C8-39B9-49F1-84E1-E1E4E2D7EDE4}.Debug|Any CPU.Build.0 = Debug|Any CPU
		{279048C8-39B9-49F1-84E1-E1E4E2D7EDE4}.Release|Any CPU.ActiveCfg = Release|Any CPU
		{279048C8-39B9-49F1-84E1-E1E4E2D7EDE4}.Release|Any CPU.Build.0 = Release|Any CPU
	EndGlobalSection
	GlobalSection(SolutionProperties) = preSolution
		HideSolutionNode = FALSE
	EndGlobalSection
	GlobalSection(ExtensibilityGlobals) = postSolution
		SolutionGuid = {73ED86DC-29A4-4EC6-94F5-E9916BA8C1A7}
	EndGlobalSection
EndGlobal
